
Microsoft Visual Studio Solution File, Format Version 12.00
# Visual Studio Version 16
VisualStudioVersion = 16.0.28922.388
MinimumVisualStudioVersion = 10.0.40219.1
Project("{FAE04EC0-301F-11D3-BF4B-00C04F79EFBC}") = "DOtNet 05", "DOtNet 05.csproj", "{541FD6F1-5B85-4544-A60D-E9F0C1AFCBC6}"
EndProject
Global
	GlobalSection(SolutionConfigurationPlatforms) = preSolution
		Debug|Any CPU = Debug|Any CPU
		Release|Any CPU = Release|Any CPU
	EndGlobalSection
	GlobalSection(ProjectConfigurationPlatforms) = postSolution
		{541FD6F1-5B85-4544-A60D-E9F0C1AFCBC6}.Debug|Any CPU.ActiveCfg = Debug|Any CPU
		{541FD6F1-5B85-4544-A60D-E9F0C1AFCBC6}.Debug|Any CPU.Build.0 = Debug|Any CPU
		{541FD6F1-5B85-4544-A60D-E9F0C1AFCBC6}.Release|Any CPU.ActiveCfg = Release|Any CPU
		{541FD6F1-5B85-4544-A60D-E9F0C1AFCBC6}.Release|Any CPU.Build.0 = Release|Any CPU
	EndGlobalSection
	GlobalSection(SolutionProperties) = preSolution
		HideSolutionNode = FALSE
	EndGlobalSection
	GlobalSection(ExtensibilityGlobals) = postSolution
		SolutionGuid = {2900F74C-6181-4D80-B7C1-C9ADA19D6E07}
	EndGlobalSection
EndGlobal
